// !$*UTF8*$!
{
	archiveVersion = 1;
	classes = {
	};
	objectVersion = 77;
	objects = {

/* Begin PBXContainerItemProxy section */
		D2B716D12E157C11004F64A3 /* PBXContainerItemProxy */ = {
			isa = PBXContainerItemProxy;
			containerPortal = D2B716BB2E157C10004F64A3 /* Project object */;
			proxyType = 1;
			remoteGlobalIDString = D2B716C22E157C10004F64A3;
			remoteInfo = "Pink Clouds";
		};
		D2B716DB2E157C11004F64A3 /* PBXContainerItemProxy */ = {
			isa = PBXContainerItemProxy;
			containerPortal = D2B716BB2E157C10004F64A3 /* Project object */;
			proxyType = 1;
			remoteGlobalIDString = D2B716C22E157C10004F64A3;
			remoteInfo = "Pink Clouds";
		};
/* End PBXContainerItemProxy section */

/* Begin PBXFileReference section */
		D298DCE52E182A9600C73DA1 /* PinkClouds.xcodeproj */ = {isa = PBXFileReference; lastKnownFileType = "wrapper.pb-project"; path = PinkClouds.xcodeproj; sourceTree = "<group>"; };
		D298DCE62E182A9600C73DA1 /* Activity.swift */ = {isa = PBXFileReference; lastKnownFileType = sourcecode.swift; path = Activity.swift; sourceTree = "<group>"; };
		D298DCEB2E182A9600C73DA1 /* Assets.xcassets */ = {isa = PBXFileReference; lastKnownFileType = folder.assetcatalog; path = Assets.xcassets; sourceTree = "<group>"; };
		D298DCEC2E182A9600C73DA1 /* ContentView.swift */ = {isa = PBXFileReference; lastKnownFileType = sourcecode.swift; path = ContentView.swift; sourceTree = "<group>"; };
		D298DCED2E182A9600C73DA1 /* PinkCloudsApp.swift */ = {isa = PBXFileReference; lastKnownFileType = sourcecode.swift; path = PinkCloudsApp.swift; sourceTree = "<group>"; };
		D298DCEF2E182A9600C73DA1 /* README.md */ = {isa = PBXFileReference; lastKnownFileType = net.daringfireball.markdown; path = README.md; sourceTree = "<group>"; };
		D298DCF02E182A9600C73DA1 /* Pink_CloudsTests.swift */ = {isa = PBXFileReference; lastKnownFileType = sourcecode.swift; path = Pink_CloudsTests.swift; sourceTree = "<group>"; };
		D298DCF22E182A9600C73DA1 /* Pink_CloudsUITests.swift */ = {isa = PBXFileReference; lastKnownFileType = sourcecode.swift; path = Pink_CloudsUITests.swift; sourceTree = "<group>"; };
		D298DCF32E182A9600C73DA1 /* Pink_CloudsUITestsLaunchTests.swift */ = {isa = PBXFileReference; lastKnownFileType = sourcecode.swift; path = Pink_CloudsUITestsLaunchTests.swift; sourceTree = "<group>"; };
		D2B716C32E157C10004F64A3 /* Pink Clouds.app */ = {isa = PBXFileReference; explicitFileType = wrapper.application; includeInIndex = 0; path = "Pink Clouds.app"; sourceTree = BUILT_PRODUCTS_DIR; };
		D2B716D02E157C11004F64A3 /* Pink CloudsTests.xctest */ = {isa = PBXFileReference; explicitFileType = wrapper.cfbundle; includeInIndex = 0; path = "Pink CloudsTests.xctest"; sourceTree = BUILT_PRODUCTS_DIR; };
		D2B716DA2E157C11004F64A3 /* Pink CloudsUITests.xctest */ = {isa = PBXFileReference; explicitFileType = wrapper.cfbundle; includeInIndex = 0; path = "Pink CloudsUITests.xctest"; sourceTree = BUILT_PRODUCTS_DIR; };
/* End PBXFileReference section */

/* Begin PBXFrameworksBuildPhase section */
		D2B716C02E157C10004F64A3 /* Frameworks */ = {
			isa = PBXFrameworksBuildPhase;
			buildActionMask = 2147483647;
			files = (
			);
			runOnlyForDeploymentPostprocessing = 0;
		};
		D2B716CD2E157C11004F64A3 /* Frameworks */ = {
			isa = PBXFrameworksBuildPhase;
			buildActionMask = 2147483647;
			files = (
			);
			runOnlyForDeploymentPostprocessing = 0;
		};
		D2B716D72E157C11004F64A3 /* Frameworks */ = {
			isa = PBXFrameworksBuildPhase;
			buildActionMask = 2147483647;
			files = (
			);
			runOnlyForDeploymentPostprocessing = 0;
		};
/* End PBXFrameworksBuildPhase section */

/* Begin PBXGroup section */
		D298DCE72E182A9600C73DA1 /* Models */ = {
			isa = PBXGroup;
			children = (
				D298DCE62E182A9600C73DA1 /* Activity.swift */,
			);
			path = Models;
			sourceTree = "<group>";
		};
		D298DCE82E182A9600C73DA1 /* Services */ = {
			isa = PBXGroup;
			children = (
			);
			path = Services;
			sourceTree = "<group>";
		};
		D298DCE92E182A9600C73DA1 /* ViewModels */ = {
			isa = PBXGroup;
			children = (
			);
			path = ViewModels;
			sourceTree = "<group>";
		};
		D298DCEA2E182A9600C73DA1 /* Views */ = {
			isa = PBXGroup;
			children = (
			);
			path = Views;
			sourceTree = "<group>";
		};
		D298DCEE2E182A9600C73DA1 /* PinkCloudsApp */ = {
			isa = PBXGroup;
			children = (
				D298DCE72E182A9600C73DA1 /* Models */,
				D298DCE82E182A9600C73DA1 /* Services */,
				D298DCE92E182A9600C73DA1 /* ViewModels */,
				D298DCEA2E182A9600C73DA1 /* Views */,
				D298DCEB2E182A9600C73DA1 /* Assets.xcassets */,
				D298DCEC2E182A9600C73DA1 /* ContentView.swift */,
				D298DCED2E182A9600C73DA1 /* PinkCloudsApp.swift */,
			);
			path = PinkCloudsApp;
			sourceTree = "<group>";
		};
		D298DCF12E182A9600C73DA1 /* Tests */ = {
			isa = PBXGroup;
			children = (
				D298DCF02E182A9600C73DA1 /* Pink_CloudsTests.swift */,
			);
			path = Tests;
			sourceTree = "<group>";
		};
		D298DCF42E182A9600C73DA1 /* UITests */ = {
			isa = PBXGroup;
			children = (
				D298DCF22E182A9600C73DA1 /* Pink_CloudsUITests.swift */,
				D298DCF32E182A9600C73DA1 /* Pink_CloudsUITestsLaunchTests.swift */,
			);
			path = UITests;
			sourceTree = "<group>";
		};
		D298DCF52E182A9600C73DA1 /* Products */ = {
			isa = PBXGroup;
			name = Products;
			sourceTree = "<group>";
		};
		D2B716BA2E157C10004F64A3 = {
			isa = PBXGroup;
			children = (
				D2B716C42E157C10004F64A3 /* Products */,
				D298DCE52E182A9600C73DA1 /* PinkClouds.xcodeproj */,
				D298DCEE2E182A9600C73DA1 /* PinkCloudsApp */,
				D298DCEF2E182A9600C73DA1 /* README.md */,
				D298DCF12E182A9600C73DA1 /* Tests */,
				D298DCF42E182A9600C73DA1 /* UITests */,
			);
			sourceTree = "<group>";
		};
		D2B716C42E157C10004F64A3 /* Products */ = {
			isa = PBXGroup;
			children = (
				D2B716C32E157C10004F64A3 /* Pink Clouds.app */,
				D2B716D02E157C11004F64A3 /* Pink CloudsTests.xctest */,
				D2B716DA2E157C11004F64A3 /* Pink CloudsUITests.xctest */,
			);
			name = Products;
			sourceTree = "<group>";
		};
/* End PBXGroup section */

/* Begin PBXNativeTarget section */
		D2B716C22E157C10004F64A3 /* Pink Clouds */ = {
			isa = PBXNativeTarget;
			buildConfigurationList = D2B716E42E157C11004F64A3 /* Build configuration list for PBXNativeTarget "Pink Clouds" */;
			buildPhases = (
				D2B716BF2E157C10004F64A3 /* Sources */,
				D2B716C02E157C10004F64A3 /* Frameworks */,
				D2B716C12E157C10004F64A3 /* Resources */,
			);
			buildRules = (
			);
			dependencies = (
			);
			name = "Pink Clouds";
			packageProductDependencies = (
			);
			productName = "Pink Clouds";
			productReference = D2B716C32E157C10004F64A3 /* Pink Clouds.app */;
			productType = "com.apple.product-type.application";
		};
		D2B716CF2E157C11004F64A3 /* Pink CloudsTests */ = {
			isa = PBXNativeTarget;
			buildConfigurationList = D2B716E72E157C11004F64A3 /* Build configuration list for PBXNativeTarget "Pink CloudsTests" */;
			buildPhases = (
				D2B716CC2E157C11004F64A3 /* Sources */,
				D2B716CD2E157C11004F64A3 /* Frameworks */,
				D2B716CE2E157C11004F64A3 /* Resources */,
			);
			buildRules = (
			);
			dependencies = (
				D2B716D22E157C11004F64A3 /* PBXTargetDependency */,
			);
			name = "Pink CloudsTests";
			packageProductDependencies = (
			);
			productName = "Pink CloudsTests";
			productReference = D2B716D02E157C11004F64A3 /* Pink CloudsTests.xctest */;
			productType = "com.apple.product-type.bundle.unit-test";
		};
		D2B716D92E157C11004F64A3 /* Pink CloudsUITests */ = {
			isa = PBXNativeTarget;
			buildConfigurationList = D2B716EA2E157C11004F64A3 /* Build configuration list for PBXNativeTarget "Pink CloudsUITests" */;
			buildPhases = (
				D2B716D62E157C11004F64A3 /* Sources */,
				D2B716D72E157C11004F64A3 /* Frameworks */,
				D2B716D82E157C11004F64A3 /* Resources */,
			);
			buildRules = (
			);
			dependencies = (
				D2B716DC2E157C11004F64A3 /* PBXTargetDependency */,
			);
			name = "Pink CloudsUITests";
			packageProductDependencies = (
			);
			productName = "Pink CloudsUITests";
			productReference = D2B716DA2E157C11004F64A3 /* Pink CloudsUITests.xctest */;
			productType = "com.apple.product-type.bundle.ui-testing";
		};
/* End PBXNativeTarget section */

/* Begin PBXProject section */
		D2B716BB2E157C10004F64A3 /* Project object */ = {
			isa = PBXProject;
			attributes = {
				BuildIndependentTargetsInParallel = 1;
				LastSwiftUpdateCheck = 1640;
				LastUpgradeCheck = 1640;
				TargetAttributes = {
					D2B716C22E157C10004F64A3 = {
						CreatedOnToolsVersion = 16.4;
					};
					D2B716CF2E157C11004F64A3 = {
						CreatedOnToolsVersion = 16.4;
						TestTargetID = D2B716C22E157C10004F64A3;
					};
					D2B716D92E157C11004F64A3 = {
						CreatedOnToolsVersion = 16.4;
						TestTargetID = D2B716C22E157C10004F64A3;
					};
				};
			};
			buildConfigurationList = D2B716BE2E157C10004F64A3 /* Build configuration list for PBXProject "PinkClouds" */;
			developmentRegion = en;
			hasScannedForEncodings = 0;
			knownRegions = (
				en,
				Base,
			);
			mainGroup = D2B716BA2E157C10004F64A3;
			minimizedProjectReferenceProxies = 1;
			preferredProjectObjectVersion = 77;
			productRefGroup = D2B716C42E157C10004F64A3 /* Products */;
			projectDirPath = "";
			projectReferences = (
				{
					ProductGroup = D298DCF52E182A9600C73DA1 /* Products */;
					ProjectRef = D298DCE52E182A9600C73DA1 /* PinkClouds.xcodeproj */;
				},
			);
			projectRoot = "";
			targets = (
				D2B716C22E157C10004F64A3 /* Pink Clouds */,
				D2B716CF2E157C11004F64A3 /* Pink CloudsTests */,
				D2B716D92E157C11004F64A3 /* Pink CloudsUITests */,
			);
		};
/* End PBXProject section */

/* Begin PBXResourcesBuildPhase section */
		D2B716C12E157C10004F64A3 /* Resources */ = {
			isa = PBXResourcesBuildPhase;
			buildActionMask = 2147483647;
			files = (
			);
			runOnlyForDeploymentPostprocessing = 0;
		};
		D2B716CE2E157C11004F64A3 /* Resources */ = {
			isa = PBXResourcesBuildPhase;
			buildActionMask = 2147483647;
			files = (
			);
			runOnlyForDeploymentPostprocessing = 0;
		};
		D2B716D82E157C11004F64A3 /* Resources */ = {
			isa = PBXResourcesBuildPhase;
			buildActionMask = 2147483647;
			files = (
			);
			runOnlyForDeploymentPostprocessing = 0;
		};
/* End PBXResourcesBuildPhase section */

/* Begin PBXSourcesBuildPhase section */
		D2B716BF2E157C10004F64A3 /* Sources */ = {
			isa = PBXSourcesBuildPhase;
			buildActionMask = 2147483647;
			files = (
			);
			runOnlyForDeploymentPostprocessing = 0;
		};
		D2B716CC2E157C11004F64A3 /* Sources */ = {
			isa = PBXSourcesBuildPhase;
			buildActionMask = 2147483647;
			files = (
			);
			runOnlyForDeploymentPostprocessing = 0;
		};
		D2B716D62E157C11004F64A3 /* Sources */ = {
			isa = PBXSourcesBuildPhase;
			buildActionMask = 2147483647;
			files = (
			);
			runOnlyForDeploymentPostprocessing = 0;
		};
/* End PBXSourcesBuildPhase section */

/* Begin PBXTargetDependency section */
		D2B716D22E157C11004F64A3 /* PBXTargetDependency */ = {
			isa = PBXTargetDependency;
			target = D2B716C22E157C10004F64A3 /* Pink Clouds */;
			targetProxy = D2B716D12E157C11004F64A3 /* PBXContainerItemProxy */;
		};
		D2B716DC2E157C11004F64A3 /* PBXTargetDependency */ = {
			isa = PBXTargetDependency;
			target = D2B716C22E157C10004F64A3 /* Pink Clouds */;
			targetProxy = D2B716DB2E157C11004F64A3 /* PBXContainerItemProxy */;
		};
/* End PBXTargetDependency section */

/* Begin XCBuildConfiguration section */
		D2B716E22E157C11004F64A3 /* Debug */ = {
			isa = XCBuildConfiguration;
			buildSettings = {
				ALWAYS_SEARCH_USER_PATHS = NO;
				ASSETCATALOG_COMPILER_GENERATE_SWIFT_ASSET_SYMBOL_EXTENSIONS = YES;
				CLANG_ANALYZER_NONNULL = YES;
				CLANG_ANALYZER_NUMBER_OBJECT_CONVERSION = YES_AGGRESSIVE;
				CLANG_CXX_LANGUAGE_STANDARD = "gnu++20";
				CLANG_ENABLE_MODULES = YES;
				CLANG_ENABLE_OBJC_ARC = YES;
				CLANG_ENABLE_OBJC_WEAK = YES;
				CLANG_WARN_BLOCK_CAPTURE_AUTORELEASING = YES;
				CLANG_WARN_BOOL_CONVERSION = YES;
				CLANG_WARN_COMMA = YES;
				CLANG_WARN_CONSTANT_CONVERSION = YES;
				CLANG_WARN_DEPRECATED_OBJC_IMPLEMENTATIONS = YES;
				CLANG_WARN_DIRECT_OBJC_ISA_USAGE = YES_ERROR;
				CLANG_WARN_DOCUMENTATION_COMMENTS = YES;
				CLANG_WARN_EMPTY_BODY = YES;
				CLANG_WARN_ENUM_CONVERSION = YES;
				CLANG_WARN_INFINITE_RECURSION = YES;
				CLANG_WARN_INT_CONVERSION = YES;
				CLANG_WARN_NON_LITERAL_NULL_CONVERSION = YES;
				CLANG_WARN_OBJC_IMPLICIT_RETAIN_SELF = YES;
				CLANG_WARN_OBJC_LITERAL_CONVERSION = YES;
				CLANG_WARN_OBJC_ROOT_CLASS = YES_ERROR;
				CLANG_WARN_QUOTED_INCLUDE_IN_FRAMEWORK_HEADER = YES;
				CLANG_WARN_RANGE_LOOP_ANALYSIS = YES;
				CLANG_WARN_STRICT_PROTOTYPES = YES;
				CLANG_WARN_SUSPICIOUS_MOVE = YES;
				CLANG_WARN_UNGUARDED_AVAILABILITY = YES_AGGRESSIVE;
				CLANG_WARN_UNREACHABLE_CODE = YES;
				CLANG_WARN__DUPLICATE_METHOD_MATCH = YES;
				COPY_PHASE_STRIP = NO;
				DEBUG_INFORMATION_FORMAT = dwarf;
				ENABLE_STRICT_OBJC_MSGSEND = YES;
				ENABLE_TESTABILITY = YES;
				ENABLE_USER_SCRIPT_SANDBOXING = YES;
				GCC_C_LANGUAGE_STANDARD = gnu17;
				GCC_DYNAMIC_NO_PIC = NO;
				GCC_NO_COMMON_BLOCKS = YES;
				GCC_OPTIMIZATION_LEVEL = 0;
				GCC_PREPROCESSOR_DEFINITIONS = (
					"DEBUG=1",
					"$(inherited)",
				);
				GCC_WARN_64_TO_32_BIT_CONVERSION = YES;
				GCC_WARN_ABOUT_RETURN_TYPE = YES_ERROR;
				GCC_WARN_UNDECLARED_SELECTOR = YES;
				GCC_WARN_UNINITIALIZED_AUTOS = YES_AGGRESSIVE;
				GCC_WARN_UNUSED_FUNCTION = YES;
				GCC_WARN_UNUSED_VARIABLE = YES;
				IPHONEOS_DEPLOYMENT_TARGET = 18.5;
				LOCALIZATION_PREFERS_STRING_CATALOGS = YES;
				MTL_ENABLE_DEBUG_INFO = INCLUDE_SOURCE;
				MTL_FAST_MATH = YES;
				ONLY_ACTIVE_ARCH = YES;
				SDKROOT = iphoneos;
				SWIFT_ACTIVE_COMPILATION_CONDITIONS = "DEBUG $(inherited)";
				SWIFT_OPTIMIZATION_LEVEL = "-Onone";
			};
			name = Debug;
		};
		D2B716E32E157C11004F64A3 /* Release */ = {
			isa = XCBuildConfiguration;
			buildSettings = {
				ALWAYS_SEARCH_USER_PATHS = NO;
				ASSETCATALOG_COMPILER_GENERATE_SWIFT_ASSET_SYMBOL_EXTENSIONS = YES;
				CLANG_ANALYZER_NONNULL = YES;
				CLANG_ANALYZER_NUMBER_OBJECT_CONVERSION = YES_AGGRESSIVE;
				CLANG_CXX_LANGUAGE_STANDARD = "gnu++20";
				CLANG_ENABLE_MODULES = YES;
				CLANG_ENABLE_OBJC_ARC = YES;
				CLANG_ENABLE_OBJC_WEAK = YES;
				CLANG_WARN_BLOCK_CAPTURE_AUTORELEASING = YES;
				CLANG_WARN_BOOL_CONVERSION = YES;
				CLANG_WARN_COMMA = YES;
				CLANG_WARN_CONSTANT_CONVERSION = YES;
				CLANG_WARN_DEPRECATED_OBJC_IMPLEMENTATIONS = YES;
				CLANG_WARN_DIRECT_OBJC_ISA_USAGE = YES_ERROR;
				CLANG_WARN_DOCUMENTATION_COMMENTS = YES;
				CLANG_WARN_EMPTY_BODY = YES;
				CLANG_WARN_ENUM_CONVERSION = YES;
				CLANG_WARN_INFINITE_RECURSION = YES;
				CLANG_WARN_INT_CONVERSION = YES;
				CLANG_WARN_NON_LITERAL_NULL_CONVERSION = YES;
				CLANG_WARN_OBJC_IMPLICIT_RETAIN_SELF = YES;
				CLANG_WARN_OBJC_LITERAL_CONVERSION = YES;
				CLANG_WARN_OBJC_ROOT_CLASS = YES_ERROR;
				CLANG_WARN_QUOTED_INCLUDE_IN_FRAMEWORK_HEADER = YES;
				CLANG_WARN_RANGE_LOOP_ANALYSIS = YES;
				CLANG_WARN_STRICT_PROTOTYPES = YES;
				CLANG_WARN_SUSPICIOUS_MOVE = YES;
				CLANG_WARN_UNGUARDED_AVAILABILITY = YES_AGGRESSIVE;
				CLANG_WARN_UNREACHABLE_CODE = YES;
				CLANG_WARN__DUPLICATE_METHOD_MATCH = YES;
				COPY_PHASE_STRIP = NO;
				DEBUG_INFORMATION_FORMAT = "dwarf-with-dsym";
				ENABLE_NS_ASSERTIONS = NO;
				ENABLE_STRICT_OBJC_MSGSEND = YES;
				ENABLE_USER_SCRIPT_SANDBOXING = YES;
				GCC_C_LANGUAGE_STANDARD = gnu17;
				GCC_NO_COMMON_BLOCKS = YES;
				GCC_WARN_64_TO_32_BIT_CONVERSION = YES;
				GCC_WARN_ABOUT_RETURN_TYPE = YES_ERROR;
				GCC_WARN_UNDECLARED_SELECTOR = YES;
				GCC_WARN_UNINITIALIZED_AUTOS = YES_AGGRESSIVE;
				GCC_WARN_UNUSED_FUNCTION = YES;
				GCC_WARN_UNUSED_VARIABLE = YES;
				IPHONEOS_DEPLOYMENT_TARGET = 18.5;
				LOCALIZATION_PREFERS_STRING_CATALOGS = YES;
				MTL_ENABLE_DEBUG_INFO = NO;
				MTL_FAST_MATH = YES;
				SDKROOT = iphoneos;
				SWIFT_COMPILATION_MODE = wholemodule;
				VALIDATE_PRODUCT = YES;
			};
			name = Release;
		};
		D2B716E52E157C11004F64A3 /* Debug */ = {
			isa = XCBuildConfiguration;
			buildSettings = {
				ASSETCATALOG_COMPILER_APPICON_NAME = AppIcon;
				ASSETCATALOG_COMPILER_GLOBAL_ACCENT_COLOR_NAME = AccentColor;
				CODE_SIGN_STYLE = Automatic;
				CURRENT_PROJECT_VERSION = 1;
				ENABLE_PREVIEWS = YES;
				GENERATE_INFOPLIST_FILE = YES;
				INFOPLIST_KEY_UIApplicationSceneManifest_Generation = YES;
				INFOPLIST_KEY_UIApplicationSupportsIndirectInputEvents = YES;
				INFOPLIST_KEY_UILaunchScreen_Generation = YES;
				INFOPLIST_KEY_UISupportedInterfaceOrientations_iPad = "UIInterfaceOrientationPortrait UIInterfaceOrientationPortraitUpsideDown UIInterfaceOrientationLandscapeLeft UIInterfaceOrientationLandscapeRight";
				INFOPLIST_KEY_UISupportedInterfaceOrientations_iPhone = "UIInterfaceOrientationPortrait UIInterfaceOrientationLandscapeLeft UIInterfaceOrientationLandscapeRight";
				LD_RUNPATH_SEARCH_PATHS = (
					"$(inherited)",
					"@executable_path/Frameworks",
				);
				MARKETING_VERSION = 1.0;
				PRODUCT_BUNDLE_IDENTIFIER = "me.Pink-Clouds";
				PRODUCT_NAME = "$(TARGET_NAME)";
				SWIFT_EMIT_LOC_STRINGS = YES;
				SWIFT_VERSION = 5.0;
				TARGETED_DEVICE_FAMILY = "1,2";
			};
			name = Debug;
		};
		D2B716E62E157C11004F64A3 /* Release */ = {
			isa = XCBuildConfiguration;
			buildSettings = {
				ASSETCATALOG_COMPILER_APPICON_NAME = AppIcon;
				ASSETCATALOG_COMPILER_GLOBAL_ACCENT_COLOR_NAME = AccentColor;
				CODE_SIGN_STYLE = Automatic;
				CURRENT_PROJECT_VERSION = 1;
				ENABLE_PREVIEWS = YES;
				GENERATE_INFOPLIST_FILE = YES;
				INFOPLIST_KEY_UIApplicationSceneManifest_Generation = YES;
				INFOPLIST_KEY_UIApplicationSupportsIndirectInputEvents = YES;
				INFOPLIST_KEY_UILaunchScreen_Generation = YES;
				INFOPLIST_KEY_UISupportedInterfaceOrientations_iPad = "UIInterfaceOrientationPortrait UIInterfaceOrientationPortraitUpsideDown UIInterfaceOrientationLandscapeLeft UIInterfaceOrientationLandscapeRight";
				INFOPLIST_KEY_UISupportedInterfaceOrientations_iPhone = "UIInterfaceOrientationPortrait UIInterfaceOrientationLandscapeLeft UIInterfaceOrientationLandscapeRight";
				LD_RUNPATH_SEARCH_PATHS = (
					"$(inherited)",
					"@executable_path/Frameworks",
				);
				MARKETING_VERSION = 1.0;
				PRODUCT_BUNDLE_IDENTIFIER = "me.Pink-Clouds";
				PRODUCT_NAME = "$(TARGET_NAME)";
				SWIFT_EMIT_LOC_STRINGS = YES;
				SWIFT_VERSION = 5.0;
				TARGETED_DEVICE_FAMILY = "1,2";
			};
			name = Release;
		};
		D2B716E82E157C11004F64A3 /* Debug */ = {
			isa = XCBuildConfiguration;
			buildSettings = {
				BUNDLE_LOADER = "$(TEST_HOST)";
				CODE_SIGN_STYLE = Automatic;
				CURRENT_PROJECT_VERSION = 1;
				GENERATE_INFOPLIST_FILE = YES;
				IPHONEOS_DEPLOYMENT_TARGET = 18.5;
				MARKETING_VERSION = 1.0;
				PRODUCT_BUNDLE_IDENTIFIER = "me.Pink-CloudsTests";
				PRODUCT_NAME = "$(TARGET_NAME)";
				SWIFT_EMIT_LOC_STRINGS = NO;
				SWIFT_VERSION = 5.0;
				TARGETED_DEVICE_FAMILY = "1,2";
				TEST_HOST = "$(BUILT_PRODUCTS_DIR)/Pink Clouds.app/$(BUNDLE_EXECUTABLE_FOLDER_PATH)/Pink Clouds";
			};
			name = Debug;
		};
		D2B716E92E157C11004F64A3 /* Release */ = {
			isa = XCBuildConfiguration;
			buildSettings = {
				BUNDLE_LOADER = "$(TEST_HOST)";
				CODE_SIGN_STYLE = Automatic;
				CURRENT_PROJECT_VERSION = 1;
				GENERATE_INFOPLIST_FILE = YES;
				IPHONEOS_DEPLOYMENT_TARGET = 18.5;
				MARKETING_VERSION = 1.0;
				PRODUCT_BUNDLE_IDENTIFIER = "me.Pink-CloudsTests";
				PRODUCT_NAME = "$(TARGET_NAME)";
				SWIFT_EMIT_LOC_STRINGS = NO;
				SWIFT_VERSION = 5.0;
				TARGETED_DEVICE_FAMILY = "1,2";
				TEST_HOST = "$(BUILT_PRODUCTS_DIR)/Pink Clouds.app/$(BUNDLE_EXECUTABLE_FOLDER_PATH)/Pink Clouds";
			};
			name = Release;
		};
		D2B716EB2E157C11004F64A3 /* Debug */ = {
			isa = XCBuildConfiguration;
			buildSettings = {
				CODE_SIGN_STYLE = Automatic;
				CURRENT_PROJECT_VERSION = 1;
				GENERATE_INFOPLIST_FILE = YES;
				MARKETING_VERSION = 1.0;
				PRODUCT_BUNDLE_IDENTIFIER = "me.Pink-CloudsUITests";
				PRODUCT_NAME = "$(TARGET_NAME)";
				SWIFT_EMIT_LOC_STRINGS = NO;
				SWIFT_VERSION = 5.0;
				TARGETED_DEVICE_FAMILY = "1,2";
				TEST_TARGET_NAME = "Pink Clouds";
			};
			name = Debug;
		};
		D2B716EC2E157C11004F64A3 /* Release */ = {
			isa = XCBuildConfiguration;
			buildSettings = {
				CODE_SIGN_STYLE = Automatic;
				CURRENT_PROJECT_VERSION = 1;
				GENERATE_INFOPLIST_FILE = YES;
				MARKETING_VERSION = 1.0;
				PRODUCT_BUNDLE_IDENTIFIER = "me.Pink-CloudsUITests";
				PRODUCT_NAME = "$(TARGET_NAME)";
				SWIFT_EMIT_LOC_STRINGS = NO;
				SWIFT_VERSION = 5.0;
				TARGETED_DEVICE_FAMILY = "1,2";
				TEST_TARGET_NAME = "Pink Clouds";
			};
			name = Release;
		};
/* End XCBuildConfiguration section */

/* Begin XCConfigurationList section */
		D2B716BE2E157C10004F64A3 /* Build configuration list for PBXProject "PinkClouds" */ = {
			isa = XCConfigurationList;
			buildConfigurations = (
				D2B716E22E157C11004F64A3 /* Debug */,
				D2B716E32E157C11004F64A3 /* Release */,
			);
			defaultConfigurationIsVisible = 0;
			defaultConfigurationName = Release;
		};
		D2B716E42E157C11004F64A3 /* Build configuration list for PBXNativeTarget "Pink Clouds" */ = {
			isa = XCConfigurationList;
			buildConfigurations = (
				D2B716E52E157C11004F64A3 /* Debug */,
				D2B716E62E157C11004F64A3 /* Release */,
			);
			defaultConfigurationIsVisible = 0;
			defaultConfigurationName = Release;
		};
		D2B716E72E157C11004F64A3 /* Build configuration list for PBXNativeTarget "Pink CloudsTests" */ = {
			isa = XCConfigurationList;
			buildConfigurations = (
				D2B716E82E157C11004F64A3 /* Debug */,
				D2B716E92E157C11004F64A3 /* Release */,
			);
			defaultConfigurationIsVisible = 0;
			defaultConfigurationName = Release;
		};
		D2B716EA2E157C11004F64A3 /* Build configuration list for PBXNativeTarget "Pink CloudsUITests" */ = {
			isa = XCConfigurationList;
			buildConfigurations = (
				D2B716EB2E157C11004F64A3 /* Debug */,
				D2B716EC2E157C11004F64A3 /* Release */,
			);
			defaultConfigurationIsVisible = 0;
			defaultConfigurationName = Release;
		};
/* End XCConfigurationList section */
	};
	rootObject = D2B716BB2E157C10004F64A3 /* Project object */;
}
